{
  "lockfile_version": "1",
  "packages": {
    "github:NixOS/nixpkgs/nixpkgs-unstable": {
      "last_modified": "2025-10-09T02:37:25Z",
      "resolved": "github:NixOS/nixpkgs/2dad7af78a183b6c486702c18af8a9544f298377?lastModified=1759977445&narHash=sha256-LYr4IDfuihCkFAkSYz5%2F%2FgT2r1ewcWBYgd5AxPzPLIo%3D"
    },
    "kubectl@1.32": {
      "last_modified": "2025-04-17T05:47:26Z",
      "resolved": "github:NixOS/nixpkgs/ebe4301cbd8f81c4f8d3244b3632338bbeb6d49c#kubectl",
      "source": "devbox-search",
      "version": "1.32.3",
      "systems": {
        "aarch64-darwin": {
          "outputs": [
            {
              "name": "out",
              "path": "/nix/store/6ksa2yr710ckvigfpfl18m1cpgd3nfn1-kubectl-1.32.3",
              "default": true
            },
            {
              "name": "man",
              "path": "/nix/store/5hsyd0bmbrcnzs2fj66a9c6nkx001yh2-kubectl-1.32.3-man",
              "default": true
            },
            {
              "name": "convert",
              "path": "/nix/store/wspi1vv49vaz569dr1621cbk3pj4jwlz-kubectl-1.32.3-convert"
            }
          ],
          "store_path": "/nix/store/6ksa2yr710ckvigfpfl18m1cpgd3nfn1-kubectl-1.32.3"
        },
        "aarch64-linux": {
          "outputs": [
            {
              "name": "out",
              "path": "/nix/store/sg3c7hl5gxm526pv5r8wv7c8v5yxliz9-kubectl-1.32.3",
              "default": true
            },
            {
              "name": "man",
              "path": "/nix/store/8lklygm46nyjj0wfpmjxd8mjsh51qimx-kubectl-1.32.3-man",
              "default": true
            },
            {
              "name": "convert",
              "path": "/nix/store/p64cd3isiqhl5x1smcxwbr6qssx5f75x-kubectl-1.32.3-convert"
            }
          ],
          "store_path": "/nix/store/sg3c7hl5gxm526pv5r8wv7c8v5yxliz9-kubectl-1.32.3"
        },
        "x86_64-darwin": {
          "outputs": [
            {
              "name": "out",
              "path": "/nix/store/ni78hah8sc1gsrb514crpnm3v1la8cvg-kubectl-1.32.3",
              "default": true
            },
            {
              "name": "man",
              "path": "/nix/store/cmbrxxc1fgll0lfcbgdcl0hfm68cjkb0-kubectl-1.32.3-man",
              "default": true
            },
            {
              "name": "convert",
              "path": "/nix/store/035c7j2b5da80qfbi2gc85m07qbxlwzz-kubectl-1.32.3-convert"
            }
          ],
          "store_path": "/nix/store/ni78hah8sc1gsrb514crpnm3v1la8cvg-kubectl-1.32.3"
        },
        "x86_64-linux": {
          "outputs": [
            {
              "name": "out",
              "path": "/nix/store/5pjr6fmdyiny7plxdnpzjrs1agiq6iw6-kubectl-1.32.3",
              "default": true
            },
            {
              "name": "man",
              "path": "/nix/store/4bhrdxhqfig66mqdyxpaiy4n9llp3vg1-kubectl-1.32.3-man",
              "default": true
            },
            {
              "name": "convert",
              "path": "/nix/store/30cx5firf9gfizc8jcjwikxkcqljnr8q-kubectl-1.32.3-convert"
            }
          ],
          "store_path": "/nix/store/5pjr6fmdyiny7plxdnpzjrs1agiq6iw6-kubectl-1.32.3"
        }
      }
    },
    "python313@latest": {
      "last_modified": "2025-05-16T20:19:48Z",
      "plugin_version": "0.0.4",
      "resolved": "github:NixOS/nixpkgs/12a55407652e04dcf2309436eb06fef0d3713ef3#python313",
      "source": "devbox-search",
      "version": "3.13.3",
      "systems": {
        "aarch64-darwin": {
          "outputs": [
            {
              "name": "out",
              "path": "/nix/store/1a8xg8l3m67hxinxzzcsak9736qm9vsf-python3-3.13.3",
              "default": true
            }
          ],
          "store_path": "/nix/store/1a8xg8l3m67hxinxzzcsak9736qm9vsf-python3-3.13.3"
        },
        "aarch64-linux": {
          "outputs": [
            {
              "name": "out",
              "path": "/nix/store/yy0xvc2rydhrs0h1v8d7r3sql347xzz5-python3-3.13.3",
              "default": true
            },
            {
              "name": "debug",
              "path": "/nix/store/42bxfqfrh8cwspl7szr0cw8739xv8qlq-python3-3.13.3-debug"
            }
          ],
          "store_path": "/nix/store/yy0xvc2rydhrs0h1v8d7r3sql347xzz5-python3-3.13.3"
        },
        "x86_64-darwin": {
          "outputs": [
            {
              "name": "out",
              "path": "/nix/store/gbrigjhghz9v2p0zf9b2fnvs0g0yx7q4-python3-3.13.3",
              "default": true
            }
          ],
          "store_path": "/nix/store/gbrigjhghz9v2p0zf9b2fnvs0g0yx7q4-python3-3.13.3"
        },
        "x86_64-linux": {
          "outputs": [
            {
              "name": "out",
              "path": "/nix/store/2mab9iiwhcqwk75qwvp3zv0bvbiaq6cs-python3-3.13.3",
              "default": true
            },
            {
              "name": "debug",
              "path": "/nix/store/9z6k8ijl2md0y2n95yprbjj4vxbfsi15-python3-3.13.3-debug"
            }
          ],
          "store_path": "/nix/store/2mab9iiwhcqwk75qwvp3zv0bvbiaq6cs-python3-3.13.3"
        }
      }
    },
    "python313Packages.pyyaml@latest": {
      "last_modified": "2025-09-18T16:33:27Z",
      "resolved": "github:NixOS/nixpkgs/f4b140d5b253f5e2a1ff4e5506edbf8267724bde#python313Packages.pyyaml",
      "source": "devbox-search",
      "version": "6.0.2",
      "systems": {
        "aarch64-darwin": {
          "outputs": [
            {
              "name": "out",
              "path": "/nix/store/vasfsldhfnzi0rfr7nlg91fxa78rh84w-python3.13-pyyaml-6.0.2",
              "default": true
            },
            {
              "name": "dist",
              "path": "/nix/store/3v7lsyacah4dzaw299iskyzb1l6znjxh-python3.13-pyyaml-6.0.2-dist"
            }
          ],
          "store_path": "/nix/store/vasfsldhfnzi0rfr7nlg91fxa78rh84w-python3.13-pyyaml-6.0.2"
        },
        "aarch64-linux": {
          "outputs": [
            {
              "name": "out",
              "path": "/nix/store/9ks3klmkpwk85lzcgw1yss0y3djfxnpi-python3.13-pyyaml-6.0.2",
              "default": true
            },
            {
              "name": "dist",
              "path": "/nix/store/zsip2bv3finj37ncqx8xc28jkdb8q0jq-python3.13-pyyaml-6.0.2-dist"
            }
          ],
          "store_path": "/nix/store/9ks3klmkpwk85lzcgw1yss0y3djfxnpi-python3.13-pyyaml-6.0.2"
        },
        "x86_64-darwin": {
          "outputs": [
            {
              "name": "out",
              "path": "/nix/store/qcdw2zv8linggabngb9ng2ahqahk43x0-python3.13-pyyaml-6.0.2",
              "default": true
            },
            {
              "name": "dist",
              "path": "/nix/store/ksiba0asai81r9a4yw4ss6v4z9m2hbqg-python3.13-pyyaml-6.0.2-dist"
            }
          ],
          "store_path": "/nix/store/qcdw2zv8linggabngb9ng2ahqahk43x0-python3.13-pyyaml-6.0.2"
        },
        "x86_64-linux": {
          "outputs": [
            {
              "name": "out",
              "path": "/nix/store/0bb2jwvapkd7k8f8blg5a8yfb7f5qsgd-python3.13-pyyaml-6.0.2",
              "default": true
            },
            {
              "name": "dist",
              "path": "/nix/store/43c9d15b9yif552vymsbwdcki59ka7h1-python3.13-pyyaml-6.0.2-dist"
            }
          ],
          "store_path": "/nix/store/0bb2jwvapkd7k8f8blg5a8yfb7f5qsgd-python3.13-pyyaml-6.0.2"
        }
      }
    }
  }
}
